#
# This file is autogenerated by pip-compile with Python 3.11
# by the following command:
#
#    pip-compile --allow-unsafe --extra=dev --no-index --output-file=requirements.lock --strip-extras pyproject.toml
#
aiohappyeyeballs==2.7.1
    # via aiohttp
aiohttp==3.14.3
    # via kubernetes
aiosignal==1.4.0
    # via aiohttp
annotated-doc==0.0.5
    # via typer
annotated-types==0.8.0
    # via pydantic
anyio==4.15.1
    # via
    #   httpx
    #   httpx2
    #   langsmith
    #   watchfiles
arxiv==2.4.1
    # via arxiv-digest-agent (pyproject.toml)
attrs==26.1.0
    # via
    #   aiohttp
    #   jsonschema
    #   referencing
bcrypt==5.0.0
    # via chromadb
build==1.6.1
    # via
    #   chromadb
    #   pip-tools
certifi==2026.7.22
    # via
    #   httpcore
    #   httpx
    #   kubernetes
    #   requests
charset-normalizer==3.5.1
    # via requests
chromadb==1.5.9
    # via arxiv-digest-agent (pyproject.toml)
click==8.5.0
    # via
    #   pip-tools
    #   uvicorn
cloudpickle==3.1.2
    # via joblib
distro==1.9.0
    # via langsmith
durationpy==0.11
    # via kubernetes
feedparser==6.0.14
    # via arxiv
feedparser-sgmllib==2.1.0
    # via feedparser
filelock==4.0.3
    # via
    #   huggingface-hub
    #   torch
    #   transformers
flatbuffers==25.12.19
    # via onnxruntime
frozenlist==1.8.0
    # via
    #   aiohttp
    #   aiosignal
fsspec==2026.9.0
    # via
    #   huggingface-hub
    #   torch
googleapis-common-protos==1.75.4
    # via opentelemetry-exporter-otlp-proto-grpc
grpcio==1.84.0
    # via
    #   chromadb
    #   opentelemetry-exporter-otlp-proto-grpc
h11==0.16.0
    # via
    #   httpcore
    #   httpcore2
    #   uvicorn
hf-xet==1.6.0
    # via huggingface-hub
httpcore==1.0.9
    # via httpx
httpcore2==2.13.1
    # via httpx2
httptools==0.8.0
    # via uvicorn
httpx==0.28.1
    # via
    #   arxiv-digest-agent (pyproject.toml)
    #   chromadb
    #   langchain-core
    #   langgraph-sdk
    #   ollama
httpx2==2.13.1
    # via langsmith
huggingface-hub==0.36.2
    # via
    #   sentence-transformers
    #   tokenizers
    #   transformers
idna==3.20
    # via
    #   anyio
    #   httpx
    #   httpx2
    #   requests
    #   yarl
importlib-resources==7.1.0
    # via chromadb
iniconfig==2.3.0
    # via pytest
jinja2==3.1.6
    # via torch
joblib==1.6.0
    # via scikit-learn
jsonpatch==1.33
    # via langchain-core
jsonpointer==3.1.1
    # via jsonpatch
jsonschema==4.26.0
    # via chromadb
jsonschema-specifications==2025.9.1
    # via jsonschema
kubernetes==36.0.3
    # via chromadb
langchain-core==1.6.5
    # via
    #   langgraph
    #   langgraph-checkpoint
    #   langgraph-prebuilt
    #   langgraph-sdk
langchain-protocol==0.0.19
    # via
    #   langchain-core
    #   langgraph-sdk
langgraph==1.2.12
    # via arxiv-digest-agent (pyproject.toml)
langgraph-checkpoint==4.2.0
    # via
    #   langgraph
    #   langgraph-prebuilt
langgraph-prebuilt==1.1.0
    # via langgraph
langgraph-sdk==0.4.5
    # via langgraph
langsmith==0.14.0
    # via langchain-core
markdown-it-py==4.2.0
    # via rich
markupsafe==3.0.3
    # via jinja2
mdurl==0.1.2
    # via markdown-it-py
mmh3==5.3.0
    # via chromadb
mpmath==1.3.0
    # via sympy
multidict==6.9.1
    # via
    #   aiohttp
    #   yarl
narwhals==2.26.0
    # via scikit-learn
networkx==3.6.1
    # via torch
numpy==2.4.6
    # via
    #   chromadb
    #   onnxruntime
    #   scikit-learn
    #   scipy
    #   sentence-transformers
    #   transformers
oauthlib==3.3.1
    # via requests-oauthlib
ollama==0.6.2
    # via arxiv-digest-agent (pyproject.toml)
onnxruntime==1.30.0
    # via chromadb
opentelemetry-api==1.44.0
    # via
    #   chromadb
    #   opentelemetry-exporter-otlp-proto-grpc
    #   opentelemetry-sdk
    #   opentelemetry-semantic-conventions
opentelemetry-exporter-otlp-proto-common==1.44.0
    # via opentelemetry-exporter-otlp-proto-grpc
opentelemetry-exporter-otlp-proto-grpc==1.44.0
    # via chromadb
opentelemetry-proto==1.44.0
    # via
    #   opentelemetry-exporter-otlp-proto-common
    #   opentelemetry-exporter-otlp-proto-grpc
opentelemetry-sdk==1.44.0
    # via
    #   chromadb
    #   opentelemetry-exporter-otlp-proto-grpc
opentelemetry-semantic-conventions==0.65b0
    # via opentelemetry-sdk
orjson==3.12.0
    # via
    #   chromadb
    #   langgraph-sdk
    #   langsmith
ormsgpack==1.12.2
    # via langgraph-checkpoint
overrides==7.7.0
    # via chromadb
packaging==26.3
    # via
    #   build
    #   huggingface-hub
    #   langchain-core
    #   langsmith
    #   onnxruntime
    #   pytest
    #   transformers
    #   wheel
pip-tools==7.6.1
    # via arxiv-digest-agent (pyproject.toml)
pluggy==1.6.0
    # via pytest
propcache==0.5.4
    # via
    #   aiohttp
    #   yarl
protobuf==7.36.2
    # via
    #   googleapis-common-protos
    #   onnxruntime
    #   opentelemetry-proto
pybase64==1.5.0
    # via chromadb
pydantic==2.13.5
    # via
    #   arxiv-digest-agent (pyproject.toml)
    #   chromadb
    #   langchain-core
    #   langgraph
    #   langsmith
    #   ollama
    #   pydantic-settings
pydantic-core==2.46.5
    # via pydantic
pydantic-settings==2.15.0
    # via
    #   arxiv-digest-agent (pyproject.toml)
    #   chromadb
pygments==2.21.0
    # via
    #   pytest
    #   rich
pymupdf==1.28.2
    # via arxiv-digest-agent (pyproject.toml)
pypika==0.51.1
    # via chromadb
pyproject-hooks==1.3.3
    # via
    #   build
    #   pip-tools
pytest==9.1.1
    # via arxiv-digest-agent (pyproject.toml)
python-dateutil==2.9.0.post0
    # via kubernetes
python-dotenv==1.2.3
    # via
    #   pydantic-settings
    #   uvicorn
pyyaml==6.0.3
    # via
    #   chromadb
    #   huggingface-hub
    #   kubernetes
    #   langchain-core
    #   transformers
    #   uvicorn
referencing==0.37.0
    # via
    #   jsonschema
    #   jsonschema-specifications
regex==2026.9.10
    # via transformers
requests==2.32.5
    # via
    #   arxiv
    #   huggingface-hub
    #   kubernetes
    #   langsmith
    #   requests-oauthlib
    #   requests-toolbelt
    #   transformers
requests-oauthlib==2.0.0
    # via kubernetes
requests-toolbelt==1.0.0
    # via langsmith
rich==15.0.0
    # via
    #   chromadb
    #   typer
rpds-py==2026.6.3
    # via
    #   jsonschema
    #   referencing
ruff==0.16.9
    # via arxiv-digest-agent (pyproject.toml)
safetensors==0.8.0
    # via transformers
scikit-learn==1.9.1
    # via sentence-transformers
scipy==1.17.1
    # via
    #   scikit-learn
    #   sentence-transformers
sentence-transformers==5.7.0
    # via arxiv-digest-agent (pyproject.toml)
shellingham==1.5.4
    # via typer
six==1.17.0
    # via
    #   kubernetes
    #   python-dateutil
sniffio==1.3.1
    # via langsmith
sympy==1.14.0
    # via torch
tenacity==9.1.4
    # via
    #   chromadb
    #   langchain-core
threadpoolctl==3.7.0
    # via scikit-learn
tokenizers==0.22.2
    # via
    #   chromadb
    #   sentence-transformers
    #   transformers
torch==2.14.0
    # via sentence-transformers
tqdm==4.70.1
    # via
    #   chromadb
    #   huggingface-hub
    #   sentence-transformers
    #   transformers
transformers==4.57.6
    # via
    #   arxiv-digest-agent (pyproject.toml)
    #   sentence-transformers
truststore==0.10.4
    # via
    #   httpcore2
    #   httpx2
typer==0.27.2
    # via chromadb
typing-extensions==4.16.0
    # via
    #   aiohttp
    #   aiosignal
    #   anyio
    #   chromadb
    #   grpcio
    #   httpx2
    #   huggingface-hub
    #   langchain-core
    #   langchain-protocol
    #   langsmith
    #   opentelemetry-api
    #   opentelemetry-exporter-otlp-proto-grpc
    #   opentelemetry-sdk
    #   opentelemetry-semantic-conventions
    #   pydantic
    #   pydantic-core
    #   referencing
    #   sentence-transformers
    #   torch
    #   typing-inspection
typing-inspection==0.4.4
    # via
    #   pydantic
    #   pydantic-settings
urllib3==2.8.0
    # via
    #   kubernetes
    #   requests
uuid-utils==0.17.1
    # via
    #   langchain-core
    #   langsmith
uvicorn==0.54.0
    # via chromadb
uvloop==0.22.1
    # via uvicorn
watchfiles==1.3.0
    # via uvicorn
websocket-client==1.9.2
    # via kubernetes
websockets==16.1.1
    # via
    #   langgraph-sdk
    #   langsmith
    #   uvicorn
wheel==0.48.0
    # via pip-tools
xxhash==4.0.1
    # via
    #   langgraph
    #   langsmith
yarl==1.25.1
    # via aiohttp
zstandard==0.25.0
    # via langsmith

# The following packages are considered to be unsafe in a requirements file:
pip==26.2.1
    # via pip-tools
setuptools==84.0.0
    # via
    #   arxiv-digest-agent (pyproject.toml)
    #   pip-tools
    #   torch
